
Microsoft Visual Studio Solution File, Format Version 12.00
# Visual Studio Version 17
VisualStudioVersion = 17.10.35004.147
MinimumVisualStudioVersion = 10.0.40219.1
Project("{9A19103F-16F7-4668-BE54-9A1E7A4F7556}") = "WinformsHost", "WinformsHost\WinformsHost.csproj", "{66F415FC-EAB8-482C-AEF5-2B1F62942634}"
EndProject
Project("{2150E333-8FDC-42A3-9474-1A3956D46DE8}") = "Examples", "Examples", "{9439B441-53B8-4BB9-95E2-048FADA6B12C}"
EndProject
Project("{2150E333-8FDC-42A3-9474-1A3956D46DE8}") = ".NET48", ".NET48", "{D81E24CB-529B-4543-9160-64676FC51DFB}"
EndProject
Project("{2150E333-8FDC-42A3-9474-1A3956D46DE8}") = ".NET6.0", ".NET6.0", "{9759F763-7A19-4C07-98E8-9F6623EA8E86}"
EndProject
Project("{9A19103F-16F7-4668-BE54-9A1E7A4F7556}") = "WinFormsTestAppNet6CSharp", "..\..\Test projects\.NET6.0\WinFormsTestAppNet6CSharp\WinFormsTestAppNet6CSharp.csproj", "{4283CCA2-BA95-47E7-957E-B8C3996C92A1}"
EndProject
Project("{FAE04EC0-301F-11D3-BF4B-00C04F79EFBC}") = "WinformsTestAppNet48CSharp", "..\..\Test projects\.NET48\WinformsTestAppNet48CSharp\WinformsTestAppNet48CSharp.csproj", "{E09CDF2C-A0E1-4300-888E-A103093CAE72}"
EndProject
Project("{F184B08F-C81C-45F6-A57F-5ABD9991F28F}") = "WinformsTestAppNet48Vb", "..\..\Test projects\.NET48\WinformsTestAppNet48Vb\WinformsTestAppNet48Vb.vbproj", "{AD0FE85E-D13B-4D11-984C-42D6AD72D5CB}"
EndProject
Project("{F184B08F-C81C-45F6-A57F-5ABD9991F28F}") = "WinFormsTestAppNet6Vb", "..\..\Test projects\.NET6.0\WinFormsTestAppNet6Vb\WinFormsTestAppNet6Vb.vbproj", "{111DF545-4306-4FC7-9C12-8E972F2AB367}"
EndProject
Global
	GlobalSection(SolutionConfigurationPlatforms) = preSolution
		Debug|Any CPU = Debug|Any CPU
		Release|Any CPU = Release|Any CPU
	EndGlobalSection
	GlobalSection(ProjectConfigurationPlatforms) = postSolution
		{66F415FC-EAB8-482C-AEF5-2B1F62942634}.Debug|Any CPU.ActiveCfg = Debug|Any CPU
		{66F415FC-EAB8-482C-AEF5-2B1F62942634}.Debug|Any CPU.Build.0 = Debug|Any CPU
		{66F415FC-EAB8-482C-AEF5-2B1F62942634}.Release|Any CPU.ActiveCfg = Release|Any CPU
		{66F415FC-EAB8-482C-AEF5-2B1F62942634}.Release|Any CPU.Build.0 = Release|Any CPU
		{4283CCA2-BA95-47E7-957E-B8C3996C92A1}.Debug|Any CPU.ActiveCfg = Debug|Any CPU
		{4283CCA2-BA95-47E7-957E-B8C3996C92A1}.Debug|Any CPU.Build.0 = Debug|Any CPU
		{4283CCA2-BA95-47E7-957E-B8C3996C92A1}.Release|Any CPU.ActiveCfg = Release|Any CPU
		{4283CCA2-BA95-47E7-957E-B8C3996C92A1}.Release|Any CPU.Build.0 = Release|Any CPU
		{E09CDF2C-A0E1-4300-888E-A103093CAE72}.Debug|Any CPU.ActiveCfg = Debug|Any CPU
		{E09CDF2C-A0E1-4300-888E-A103093CAE72}.Debug|Any CPU.Build.0 = Debug|Any CPU
		{E09CDF2C-A0E1-4300-888E-A103093CAE72}.Release|Any CPU.ActiveCfg = Release|Any CPU
		{E09CDF2C-A0E1-4300-888E-A103093CAE72}.Release|Any CPU.Build.0 = Release|Any CPU
		{AD0FE85E-D13B-4D11-984C-42D6AD72D5CB}.Debug|Any CPU.ActiveCfg = Debug|Any CPU
		{AD0FE85E-D13B-4D11-984C-42D6AD72D5CB}.Debug|Any CPU.Build.0 = Debug|Any CPU
		{AD0FE85E-D13B-4D11-984C-42D6AD72D5CB}.Release|Any CPU.ActiveCfg = Release|Any CPU
		{AD0FE85E-D13B-4D11-984C-42D6AD72D5CB}.Release|Any CPU.Build.0 = Release|Any CPU
		{111DF545-4306-4FC7-9C12-8E972F2AB367}.Debug|Any CPU.ActiveCfg = Debug|Any CPU
		{111DF545-4306-4FC7-9C12-8E972F2AB367}.Debug|Any CPU.Build.0 = Debug|Any CPU
		{111DF545-4306-4FC7-9C12-8E972F2AB367}.Release|Any CPU.ActiveCfg = Release|Any CPU
		{111DF545-4306-4FC7-9C12-8E972F2AB367}.Release|Any CPU.Build.0 = Release|Any CPU
	EndGlobalSection
	GlobalSection(SolutionProperties) = preSolution
		HideSolutionNode = FALSE
	EndGlobalSection
	GlobalSection(NestedProjects) = preSolution
		{D81E24CB-529B-4543-9160-64676FC51DFB} = {9439B441-53B8-4BB9-95E2-048FADA6B12C}
		{9759F763-7A19-4C07-98E8-9F6623EA8E86} = {9439B441-53B8-4BB9-95E2-048FADA6B12C}
		{4283CCA2-BA95-47E7-957E-B8C3996C92A1} = {9759F763-7A19-4C07-98E8-9F6623EA8E86}
		{E09CDF2C-A0E1-4300-888E-A103093CAE72} = {D81E24CB-529B-4543-9160-64676FC51DFB}
		{AD0FE85E-D13B-4D11-984C-42D6AD72D5CB} = {D81E24CB-529B-4543-9160-64676FC51DFB}
		{111DF545-4306-4FC7-9C12-8E972F2AB367} = {9759F763-7A19-4C07-98E8-9F6623EA8E86}
	EndGlobalSection
	GlobalSection(ExtensibilityGlobals) = postSolution
		SolutionGuid = {3A2CD7CC-2749-4B57-BF32-6F8D597A72AF}
	EndGlobalSection
EndGlobal
